
Microsoft Visual Studio Solution File, Format Version 12.00
# Visual Studio Version 17
VisualStudioVersion = 17.9.34728.123
MinimumVisualStudioVersion = 10.0.40219.1
Project("{FAE04EC0-301F-11D3-BF4B-00C04F79EFBC}") = "BulkyWeb", "BulkyWeb\BulkyWeb.csproj", "{AA0D09FF-9C6A-4506-BA5C-9562E34E3BE9}"
EndProject
Global
	GlobalSection(SolutionConfigurationPlatforms) = preSolution
		Debug|Any CPU = Debug|Any CPU
		Release|Any CPU = Release|Any CPU
	EndGlobalSection
	GlobalSection(ProjectConfigurationPlatforms) = postSolution
		{AA0D09FF-9C6A-4506-BA5C-9562E34E3BE9}.Debug|Any CPU.ActiveCfg = Debug|Any CPU
		{AA0D09FF-9C6A-4506-BA5C-9562E34E3BE9}.Debug|Any CPU.Build.0 = Debug|Any CPU
		{AA0D09FF-9C6A-4506-BA5C-9562E34E3BE9}.Release|Any CPU.ActiveCfg = Release|Any CPU
		{AA0D09FF-9C6A-4506-BA5C-9562E34E3BE9}.Release|Any CPU.Build.0 = Release|Any CPU
	EndGlobalSection
	GlobalSection(SolutionProperties) = preSolution
		HideSolutionNode = FALSE
	EndGlobalSection
	GlobalSection(ExtensibilityGlobals) = postSolution
		SolutionGuid = {D25F2A74-3B94-45F5-87D5-8B0C361354E8}
	EndGlobalSection
EndGlobal
